// !$*UTF8*$!
{
	archiveVersion = 1;
	classes = {
	};
	objectVersion = 50;
	objects = {

/* Begin PBXBuildFile section */
		B1F510CB255B4425009A91B0 /* AppDelegate.m in Sources */ = {isa = PBXBuildFile; fileRef = B1F510CA255B4425009A91B0 /* AppDelegate.m */; };
		B1F510CE255B4425009A91B0 /* SceneDelegate.m in Sources */ = {isa = PBXBuildFile; fileRef = B1F510CD255B4425009A91B0 /* SceneDelegate.m */; };
		B1F510D1255B4425009A91B0 /* ViewController.m in Sources */ = {isa = PBXBuildFile; fileRef = B1F510D0255B4425009A91B0 /* ViewController.m */; };
		B1F510D4255B4425009A91B0 /* Main.storyboard in Resources */ = {isa = PBXBuildFile; fileRef = B1F510D2255B4425009A91B0 /* Main.storyboard */; };
		B1F510D6255B442B009A91B0 /* Assets.xcassets in Resources */ = {isa = PBXBuildFile; fileRef = B1F510D5255B442B009A91B0 /* Assets.xcassets */; };
		B1F510D9255B442B009A91B0 /* LaunchScreen.storyboard in Resources */ = {isa = PBXBuildFile; fileRef = B1F510D7255B442B009A91B0 /* LaunchScreen.storyboard */; };
		B1F510DC255B442B009A91B0 /* main.m in Sources */ = {isa = PBXBuildFile; fileRef = B1F510DB255B442B009A91B0 /* main.m */; };
/* End PBXBuildFile section */

/* Begin PBXFileReference section */
		B1F510C6255B4425009A91B0 /* OBJ-C Dev.app */ = {isa = PBXFileReference; explicitFileType = wrapper.application; includeInIndex = 0; path = "OBJ-C Dev.app"; sourceTree = BUILT_PRODUCTS_DIR; };
		B1F510C9255B4425009A91B0 /* AppDelegate.h */ = {isa = PBXFileReference; lastKnownFileType = sourcecode.c.h; path = AppDelegate.h; sourceTree = "<group>"; };
		B1F510CA255B4425009A91B0 /* AppDelegate.m */ = {isa = PBXFileReference; lastKnownFileType = sourcecode.c.objc; path = AppDelegate.m; sourceTree = "<group>"; };
		B1F510CC255B4425009A91B0 /* SceneDelegate.h */ = {isa = PBXFileReference; lastKnownFileType = sourcecode.c.h; path = SceneDelegate.h; sourceTree = "<group>"; };
		B1F510CD255B4425009A91B0 /* SceneDelegate.m */ = {isa = PBXFileReference; lastKnownFileType = sourcecode.c.objc; path = SceneDelegate.m; sourceTree = "<group>"; };
		B1F510CF255B4425009A91B0 /* ViewController.h */ = {isa = PBXFileReference; lastKnownFileType = sourcecode.c.h; path = ViewController.h; sourceTree = "<group>"; };
		B1F510D0255B4425009A91B0 /* ViewController.m */ = {isa = PBXFileReference; lastKnownFileType = sourcecode.c.objc; path = ViewController.m; sourceTree = "<group>"; };
		B1F510D3255B4425009A91B0 /* Base */ = {isa = PBXFileReference; lastKnownFileType = file.storyboard; name = Base; path = Base.lproj/Main.storyboard; sourceTree = "<group>"; };
		B1F510D5255B442B009A91B0 /* Assets.xcassets */ = {isa = PBXFileReference; lastKnownFileType = folder.assetcatalog; path = Assets.xcassets; sourceTree = "<group>"; };
		B1F510D8255B442B009A91B0 /* Base */ = {isa = PBXFileReference; lastKnownFileType = file.storyboard; name = Base; path = Base.lproj/LaunchScreen.storyboard; sourceTree = "<group>"; };
		B1F510DA255B442B009A91B0 /* Info.plist */ = {isa = PBXFileReference; lastKnownFileType = text.plist.xml; path = Info.plist; sourceTree = "<group>"; };
		B1F510DB255B442B009A91B0 /* main.m */ = {isa = PBXFileReference; lastKnownFileType = sourcecode.c.objc; path = main.m; sourceTree = "<group>"; };
/* End PBXFileReference section */

/* Begin PBXFrameworksBuildPhase section */
		B1F510C3255B4425009A91B0 /* Frameworks */ = {
			isa = PBXFrameworksBuildPhase;
			buildActionMask = 2147483647;
			files = (
			);
			runOnlyForDeploymentPostprocessing = 0;
		};
/* End PBXFrameworksBuildPhase section */

/* Begin PBXGroup section */
		B1F510BD255B4425009A91B0 = {
			isa = PBXGroup;
			children = (
				B1F510C8255B4425009A91B0 /* OBJ-C Dev */,
				B1F510C7255B4425009A91B0 /* Products */,
			);
			sourceTree = "<group>";
		};
		B1F510C7255B4425009A91B0 /* Products */ = {
			isa = PBXGroup;
			children = (
				B1F510C6255B4425009A91B0 /* OBJ-C Dev.app */,
			);
			name = Products;
			sourceTree = "<group>";
		};
		B1F510C8255B4425009A91B0 /* OBJ-C Dev */ = {
			isa = PBXGroup;
			children = (
				B1F510C9255B4425009A91B0 /* AppDelegate.h */,
				B1F510CA255B4425009A91B0 /* AppDelegate.m */,
				B1F510CC255B4425009A91B0 /* SceneDelegate.h */,
				B1F510CD255B4425009A91B0 /* SceneDelegate.m */,
				B1F510CF255B4425009A91B0 /* ViewController.h */,
				B1F510D0255B4425009A91B0 /* ViewController.m */,
				B1F510D2255B4425009A91B0 /* Main.storyboard */,
				B1F510D5255B442B009A91B0 /* Assets.xcassets */,
				B1F510D7255B442B009A91B0 /* LaunchScreen.storyboard */,
				B1F510DA255B442B009A91B0 /* Info.plist */,
				B1F510DB255B442B009A91B0 /* main.m */,
			);
			path = "OBJ-C Dev";
			sourceTree = "<group>";
		};
/* End PBXGroup section */

/* Begin PBXNativeTarget section */
		B1F510C5255B4425009A91B0 /* OBJ-C Dev */ = {
			isa = PBXNativeTarget;
			buildConfigurationList = B1F510DF255B442B009A91B0 /* Build configuration list for PBXNativeTarget "OBJ-C Dev" */;
			buildPhases = (
				B1F510C2255B4425009A91B0 /* Sources */,
				B1F510C3255B4425009A91B0 /* Frameworks */,
				B1F510C4255B4425009A91B0 /* Resources */,
			);
			buildRules = (
			);
			dependencies = (
			);
			name = "OBJ-C Dev";
			productName = "OBJ-C Dev";
			productReference = B1F510C6255B4425009A91B0 /* OBJ-C Dev.app */;
			productType = "com.apple.product-type.application";
		};
/* End PBXNativeTarget section */

/* Begin PBXProject section */
		B1F510BE255B4425009A91B0 /* Project object */ = {
			isa = PBXProject;
			attributes = {
				LastUpgradeCheck = 1210;
				TargetAttributes = {
					B1F510C5255B4425009A91B0 = {
						CreatedOnToolsVersion = 12.1;
					};
				};
			};
			buildConfigurationList = B1F510C1255B4425009A91B0 /* Build configuration list for PBXProject "OBJ-C Dev" */;
			compatibilityVersion = "Xcode 9.3";
			developmentRegion = en;
			hasScannedForEncodings = 0;
			knownRegions = (
				en,
				Base,
			);
			mainGroup = B1F510BD255B4425009A91B0;
			productRefGroup = B1F510C7255B4425009A91B0 /* Products */;
			projectDirPath = "";
			projectRoot = "";
			targets = (
				B1F510C5255B4425009A91B0 /* OBJ-C Dev */,
			);
		};
/* End PBXProject section */

/* Begin PBXResourcesBuildPhase section */
		B1F510C4255B4425009A91B0 /* Resources */ = {
			isa = PBXResourcesBuildPhase;
			buildActionMask = 2147483647;
			files = (
				B1F510D9255B442B009A91B0 /* LaunchScreen.storyboard in Resources */,
				B1F510D6255B442B009A91B0 /* Assets.xcassets in Resources */,
				B1F510D4255B4425009A91B0 /* Main.storyboard in Resources */,
			);
			runOnlyForDeploymentPostprocessing = 0;
		};
/* End PBXResourcesBuildPhase section */

/* Begin PBXSourcesBuildPhase section */
		B1F510C2255B4425009A91B0 /* Sources */ = {
			isa = PBXSourcesBuildPhase;
			buildActionMask = 2147483647;
			files = (
				B1F510D1255B4425009A91B0 /* ViewController.m in Sources */,
				B1F510CB255B4425009A91B0 /* AppDelegate.m in Sources */,
				B1F510DC255B442B009A91B0 /* main.m in Sources */,
				B1F510CE255B4425009A91B0 /* SceneDelegate.m in Sources */,
			);
			runOnlyForDeploymentPostprocessing = 0;
		};
/* End PBXSourcesBuildPhase section */

/* Begin PBXVariantGroup section */
		B1F510D2255B4425009A91B0 /* Main.storyboard */ = {
			isa = PBXVariantGroup;
			children = (
				B1F510D3255B4425009A91B0 /* Base */,
			);
			name = Main.storyboard;
			sourceTree = "<group>";
		};
		B1F510D7255B442B009A91B0 /* LaunchScreen.storyboard */ = {
			isa = PBXVariantGroup;
			children = (
				B1F510D8255B442B009A91B0 /* Base */,
			);
			name = LaunchScreen.storyboard;
			sourceTree = "<group>";
		};
/* End PBXVariantGroup section */

/* Begin XCBuildConfiguration section */
		B1F510DD255B442B009A91B0 /* Debug */ = {
			isa = XCBuildConfiguration;
			buildSettings = {
				ALWAYS_SEARCH_USER_PATHS = NO;
				CLANG_ANALYZER_NONNULL = YES;
				CLANG_ANALYZER_NUMBER_OBJECT_CONVERSION = YES_AGGRESSIVE;
				CLANG_CXX_LANGUAGE_STANDARD = "gnu++14";
				CLANG_CXX_LIBRARY = "libc++";
				CLANG_ENABLE_MODULES = YES;
				CLANG_ENABLE_OBJC_ARC = YES;
				CLANG_ENABLE_OBJC_WEAK = YES;
				CLANG_WARN_BLOCK_CAPTURE_AUTORELEASING = YES;
				CLANG_WARN_BOOL_CONVERSION = YES;
				CLANG_WARN_COMMA = YES;
				CLANG_WARN_CONSTANT_CONVERSION = YES;
				CLANG_WARN_DEPRECATED_OBJC_IMPLEMENTATIONS = YES;
				CLANG_WARN_DIRECT_OBJC_ISA_USAGE = YES_ERROR;
				CLANG_WARN_DOCUMENTATION_COMMENTS = YES;
				CLANG_WARN_EMPTY_BODY = YES;
				CLANG_WARN_ENUM_CONVERSION = YES;
				CLANG_WARN_INFINITE_RECURSION = YES;
				CLANG_WARN_INT_CONVERSION = YES;
				CLANG_WARN_NON_LITERAL_NULL_CONVERSION = YES;
				CLANG_WARN_OBJC_IMPLICIT_RETAIN_SELF = YES;
				CLANG_WARN_OBJC_LITERAL_CONVERSION = YES;
				CLANG_WARN_OBJC_ROOT_CLASS = YES_ERROR;
				CLANG_WARN_QUOTED_INCLUDE_IN_FRAMEWORK_HEADER = YES;
				CLANG_WARN_RANGE_LOOP_ANALYSIS = YES;
				CLANG_WARN_STRICT_PROTOTYPES = YES;
				CLANG_WARN_SUSPICIOUS_MOVE = YES;
				CLANG_WARN_UNGUARDED_AVAILABILITY = YES_AGGRESSIVE;
				CLANG_WARN_UNREACHABLE_CODE = YES;
				CLANG_WARN__DUPLICATE_METHOD_MATCH = YES;
				COPY_PHASE_STRIP = NO;
				DEBUG_INFORMATION_FORMAT = dwarf;
				ENABLE_STRICT_OBJC_MSGSEND = YES;
				ENABLE_TESTABILITY = YES;
				GCC_C_LANGUAGE_STANDARD = gnu11;
				GCC_DYNAMIC_NO_PIC = NO;
				GCC_NO_COMMON_BLOCKS = YES;
				GCC_OPTIMIZATION_LEVEL = 0;
				GCC_PREPROCESSOR_DEFINITIONS = (
					"DEBUG=1",
					"$(inherited)",
				);
				GCC_WARN_64_TO_32_BIT_CONVERSION = YES;
				GCC_WARN_ABOUT_RETURN_TYPE = YES_ERROR;
				GCC_WARN_UNDECLARED_SELECTOR = YES;
				GCC_WARN_UNINITIALIZED_AUTOS = YES_AGGRESSIVE;
				GCC_WARN_UNUSED_FUNCTION = YES;
				GCC_WARN_UNUSED_VARIABLE = YES;
				IPHONEOS_DEPLOYMENT_TARGET = 14.1;
				MTL_ENABLE_DEBUG_INFO = INCLUDE_SOURCE;
				MTL_FAST_MATH = YES;
				ONLY_ACTIVE_ARCH = YES;
				SDKROOT = iphoneos;
			};
			name = Debug;
		};
		B1F510DE255B442B009A91B0 /* Release */ = {
			isa = XCBuildConfiguration;
			buildSettings = {
				ALWAYS_SEARCH_USER_PATHS = NO;
				CLANG_ANALYZER_NONNULL = YES;
				CLANG_ANALYZER_NUMBER_OBJECT_CONVERSION = YES_AGGRESSIVE;
				CLANG_CXX_LANGUAGE_STANDARD = "gnu++14";
				CLANG_CXX_LIBRARY = "libc++";
				CLANG_ENABLE_MODULES = YES;
				CLANG_ENABLE_OBJC_ARC = YES;
				CLANG_ENABLE_OBJC_WEAK = YES;
				CLANG_WARN_BLOCK_CAPTURE_AUTORELEASING = YES;
				CLANG_WARN_BOOL_CONVERSION = YES;
				CLANG_WARN_COMMA = YES;
				CLANG_WARN_CONSTANT_CONVERSION = YES;
				CLANG_WARN_DEPRECATED_OBJC_IMPLEMENTATIONS = YES;
				CLANG_WARN_DIRECT_OBJC_ISA_USAGE = YES_ERROR;
				CLANG_WARN_DOCUMENTATION_COMMENTS = YES;
				CLANG_WARN_EMPTY_BODY = YES;
				CLANG_WARN_ENUM_CONVERSION = YES;
				CLANG_WARN_INFINITE_RECURSION = YES;
				CLANG_WARN_INT_CONVERSION = YES;
				CLANG_WARN_NON_LITERAL_NULL_CONVERSION = YES;
				CLANG_WARN_OBJC_IMPLICIT_RETAIN_SELF = YES;
				CLANG_WARN_OBJC_LITERAL_CONVERSION = YES;
				CLANG_WARN_OBJC_ROOT_CLASS = YES_ERROR;
				CLANG_WARN_QUOTED_INCLUDE_IN_FRAMEWORK_HEADER = YES;
				CLANG_WARN_RANGE_LOOP_ANALYSIS = YES;
				CLANG_WARN_STRICT_PROTOTYPES = YES;
				CLANG_WARN_SUSPICIOUS_MOVE = YES;
				CLANG_WARN_UNGUARDED_AVAILABILITY = YES_AGGRESSIVE;
				CLANG_WARN_UNREACHABLE_CODE = YES;
				CLANG_WARN__DUPLICATE_METHOD_MATCH = YES;
				COPY_PHASE_STRIP = NO;
				DEBUG_INFORMATION_FORMAT = "dwarf-with-dsym";
				ENABLE_NS_ASSERTIONS = NO;
				ENABLE_STRICT_OBJC_MSGSEND = YES;
				GCC_C_LANGUAGE_STANDARD = gnu11;
				GCC_NO_COMMON_BLOCKS = YES;
				GCC_WARN_64_TO_32_BIT_CONVERSION = YES;
				GCC_WARN_ABOUT_RETURN_TYPE = YES_ERROR;
				GCC_WARN_UNDECLARED_SELECTOR = YES;
				GCC_WARN_UNINITIALIZED_AUTOS = YES_AGGRESSIVE;
				GCC_WARN_UNUSED_FUNCTION = YES;
				GCC_WARN_UNUSED_VARIABLE = YES;
				IPHONEOS_DEPLOYMENT_TARGET = 14.1;
				MTL_ENABLE_DEBUG_INFO = NO;
				MTL_FAST_MATH = YES;
				SDKROOT = iphoneos;
				VALIDATE_PRODUCT = YES;
			};
			name = Release;
		};
		B1F510E0255B442B009A91B0 /* Debug */ = {
			isa = XCBuildConfiguration;
			buildSettings = {
				ASSETCATALOG_COMPILER_APPICON_NAME = AppIcon;
				ASSETCATALOG_COMPILER_GLOBAL_ACCENT_COLOR_NAME = AccentColor;
				CODE_SIGN_STYLE = Automatic;
				DEVELOPMENT_TEAM = T2HBBQ5KF9;
				INFOPLIST_FILE = "OBJ-C Dev/Info.plist";
				LD_RUNPATH_SEARCH_PATHS = (
					"$(inherited)",
					"@executable_path/Frameworks",
				);
				PRODUCT_BUNDLE_IDENTIFIER = "home.OBJ-C-Dev";
				PRODUCT_NAME = "$(TARGET_NAME)";
				TARGETED_DEVICE_FAMILY = "1,2";
			};
			name = Debug;
		};
		B1F510E1255B442B009A91B0 /* Release */ = {
			isa = XCBuildConfiguration;
			buildSettings = {
				ASSETCATALOG_COMPILER_APPICON_NAME = AppIcon;
				ASSETCATALOG_COMPILER_GLOBAL_ACCENT_COLOR_NAME = AccentColor;
				CODE_SIGN_STYLE = Automatic;
				DEVELOPMENT_TEAM = T2HBBQ5KF9;
				INFOPLIST_FILE = "OBJ-C Dev/Info.plist";
				LD_RUNPATH_SEARCH_PATHS = (
					"$(inherited)",
					"@executable_path/Frameworks",
				);
				PRODUCT_BUNDLE_IDENTIFIER = "home.OBJ-C-Dev";
				PRODUCT_NAME = "$(TARGET_NAME)";
				TARGETED_DEVICE_FAMILY = "1,2";
			};
			name = Release;
		};
/* End XCBuildConfiguration section */

/* Begin XCConfigurationList section */
		B1F510C1255B4425009A91B0 /* Build configuration list for PBXProject "OBJ-C Dev" */ = {
			isa = XCConfigurationList;
			buildConfigurations = (
				B1F510DD255B442B009A91B0 /* Debug */,
				B1F510DE255B442B009A91B0 /* Release */,
			);
			defaultConfigurationIsVisible = 0;
			defaultConfigurationName = Release;
		};
		B1F510DF255B442B009A91B0 /* Build configuration list for PBXNativeTarget "OBJ-C Dev" */ = {
			isa = XCConfigurationList;
			buildConfigurations = (
				B1F510E0255B442B009A91B0 /* Debug */,
				B1F510E1255B442B009A91B0 /* Release */,
			);
			defaultConfigurationIsVisible = 0;
			defaultConfigurationName = Release;
		};
/* End XCConfigurationList section */
	};
	rootObject = B1F510BE255B4425009A91B0 /* Project object */;
}
